<?xml version="1.0" encoding="UTF-8" standalone="yes" ?>
<CodeBlocks_project_file>
	<FileVersion major="1" minor="6" />
	<Project>
		<Option title="protocol" />
		<Option pch_mode="2" />
		<Option compiler="gcc" />
		<Build>
			<Target title="Debug">
				<Option output="bin/Debug/protocol" prefix_auto="1" extension_auto="1" />
				<Option object_output="obj/Debug/" />
				<Option type="1" />
				<Option compiler="gcc" />
				<Compiler>
					<Add option="-g" />
					<Add directory="include" />
				</Compiler>
			</Target>
			<Target title="Release">
				<Option output="bin/Release/protocol" prefix_auto="1" extension_auto="1" />
				<Option object_output="obj/Release/" />
				<Option type="1" />
				<Option compiler="gcc" />
				<Compiler>
					<Add option="-O2" />
					<Add directory="include" />
				</Compiler>
				<Linker>
					<Add option="-s" />
				</Linker>
			</Target>
		</Build>
		<Compiler>
			<Add option="-Wall" />
			<Add option="-fexceptions" />
		</Compiler>
		<Unit filename="include/ChaoticCipher.h" />
		<Unit filename="include/ChaoticPrng.h" />
		<Unit filename="include/DoubleChaotic.h" />
		<Unit filename="include/DoubleMap.h" />
		<Unit filename="include/DoubleTent.h" />
		<Unit filename="include/Encryption.h" />
		<Unit filename="include/LochaHash.h" />
		<Unit filename="include/LogisticMap.h" />
		<Unit filename="include/SimpleMap.h" />
		<Unit filename="include/SlimChaotic.h" />
		<Unit filename="include/Streaming.h" />
		<Unit filename="include/TentMap.h" />
		<Unit filename="include/ZKPDiscreteLog.h" />
		<Unit filename="main.cpp" />
		<Unit filename="protocol.cbp" />
		<Unit filename="protocol.depend" />
		<Unit filename="protocol.layout" />
		<Unit filename="src/ChaoticCipher.cpp" />
		<Unit filename="src/ChatoicPrng.cpp" />
		<Unit filename="src/DoubleChaotic.cpp" />
		<Unit filename="src/DoubleMap.cpp" />
		<Unit filename="src/DoubleTent.cpp" />
		<Unit filename="src/Encryption.cpp" />
		<Unit filename="src/LochaHash.cpp" />
		<Unit filename="src/LogisticMap.cpp" />
		<Unit filename="src/SimpleMap.cpp" />
		<Unit filename="src/SlimChaotic.cpp" />
		<Unit filename="src/TentMap.cpp" />
		<Unit filename="src/ZKPDiscreteLog.cpp" />
		<Extensions>
			<lib_finder disable_auto="1" />
		</Extensions>
	</Project>
</CodeBlocks_project_file>
